
Microsoft Visual Studio Solution File, Format Version 12.00
# Visual Studio 15
VisualStudioVersion = 15.0.26127.3
MinimumVisualStudioVersion = 10.0.40219.1
Project("{D954291E-2A0B-460D-934E-DC6B0785DB48}") = "CSharpEcosystem", "CSharpEcosystem\CSharpEcosystem\CSharpEcosystem.shproj", "{805F2BBD-3835-4DBD-9C18-3C30264F428D}"
EndProject
Project("{FAE04EC0-301F-11D3-BF4B-00C04F79EFBC}") = "CSharpEcosystem.Droid", "CSharpEcosystem\CSharpEcosystem.Droid\CSharpEcosystem.Droid.csproj", "{0867B817-8D48-4918-A253-218B28228386}"
EndProject
Project("{FAE04EC0-301F-11D3-BF4B-00C04F79EFBC}") = "CSharpEcosystem.iOS", "CSharpEcosystem\CSharpEcosystem.iOS\CSharpEcosystem.iOS.csproj", "{6B31AB56-7F30-44E1-8A8C-2DB643959396}"
EndProject
Project("{FAE04EC0-301F-11D3-BF4B-00C04F79EFBC}") = "CSharpEcosystem.UWP", "CSharpEcosystem\CSharpEcosystem.UWP\CSharpEcosystem.UWP.csproj", "{A0BC817A-AD2E-403E-A624-F72E3FB0FFD4}"
EndProject
Project("{FAE04EC0-301F-11D3-BF4B-00C04F79EFBC}") = "RESTServiceTest", "RESTServiceTest\RESTServiceTest.csproj", "{7932A7A1-10A5-4499-AB9F-91857AA9BA6F}"
EndProject
Project("{FAE04EC0-301F-11D3-BF4B-00C04F79EFBC}") = "RESTServiceTest.DataLayer", "RESTServiceTest.DataLayer\RESTServiceTest.DataLayer.csproj", "{B516E887-D199-442F-AF5E-3556C18A2A1E}"
EndProject
Global
	GlobalSection(SharedMSBuildProjectFiles) = preSolution
		CSharpEcosystem\CSharpEcosystem\CSharpEcosystem.projitems*{0867b817-8d48-4918-a253-218b28228386}*SharedItemsImports = 4
		CSharpEcosystem\CSharpEcosystem\CSharpEcosystem.projitems*{6b31ab56-7f30-44e1-8a8c-2db643959396}*SharedItemsImports = 4
		CSharpEcosystem\CSharpEcosystem\CSharpEcosystem.projitems*{805f2bbd-3835-4dbd-9c18-3c30264f428d}*SharedItemsImports = 13
		CSharpEcosystem\CSharpEcosystem\CSharpEcosystem.projitems*{a0bc817a-ad2e-403e-a624-f72e3fb0ffd4}*SharedItemsImports = 4
	EndGlobalSection
	GlobalSection(SolutionConfigurationPlatforms) = preSolution
		Ad-Hoc|Any CPU = Ad-Hoc|Any CPU
		Ad-Hoc|ARM = Ad-Hoc|ARM
		Ad-Hoc|iPhone = Ad-Hoc|iPhone
		Ad-Hoc|iPhoneSimulator = Ad-Hoc|iPhoneSimulator
		Ad-Hoc|x64 = Ad-Hoc|x64
		Ad-Hoc|x86 = Ad-Hoc|x86
		AppStore|Any CPU = AppStore|Any CPU
		AppStore|ARM = AppStore|ARM
		AppStore|iPhone = AppStore|iPhone
		AppStore|iPhoneSimulator = AppStore|iPhoneSimulator
		AppStore|x64 = AppStore|x64
		AppStore|x86 = AppStore|x86
		Debug|Any CPU = Debug|Any CPU
		Debug|ARM = Debug|ARM
		Debug|iPhone = Debug|iPhone
		Debug|iPhoneSimulator = Debug|iPhoneSimulator
		Debug|x64 = Debug|x64
		Debug|x86 = Debug|x86
		Release|Any CPU = Release|Any CPU
		Release|ARM = Release|ARM
		Release|iPhone = Release|iPhone
		Release|iPhoneSimulator = Release|iPhoneSimulator
		Release|x64 = Release|x64
		Release|x86 = Release|x86
	EndGlobalSection
	GlobalSection(ProjectConfigurationPlatforms) = postSolution
		{0867B817-8D48-4918-A253-218B28228386}.Ad-Hoc|Any CPU.ActiveCfg = Release|Any CPU
		{0867B817-8D48-4918-A253-218B28228386}.Ad-Hoc|Any CPU.Build.0 = Release|Any CPU
		{0867B817-8D48-4918-A253-218B28228386}.Ad-Hoc|Any CPU.Deploy.0 = Release|Any CPU
		{0867B817-8D48-4918-A253-218B28228386}.Ad-Hoc|ARM.ActiveCfg = Release|Any CPU
		{0867B817-8D48-4918-A253-218B28228386}.Ad-Hoc|ARM.Build.0 = Release|Any CPU
		{0867B817-8D48-4918-A253-218B28228386}.Ad-Hoc|ARM.Deploy.0 = Release|Any CPU
		{0867B817-8D48-4918-A253-218B28228386}.Ad-Hoc|iPhone.ActiveCfg = Release|Any CPU
		{0867B817-8D48-4918-A253-218B28228386}.Ad-Hoc|iPhone.Build.0 = Release|Any CPU
		{0867B817-8D48-4918-A253-218B28228386}.Ad-Hoc|iPhone.Deploy.0 = Release|Any CPU
		{0867B817-8D48-4918-A253-218B28228386}.Ad-Hoc|iPhoneSimulator.ActiveCfg = Release|Any CPU
		{0867B817-8D48-4918-A253-218B28228386}.Ad-Hoc|iPhoneSimulator.Build.0 = Release|Any CPU
		{0867B817-8D48-4918-A253-218B28228386}.Ad-Hoc|iPhoneSimulator.Deploy.0 = Release|Any CPU
		{0867B817-8D48-4918-A253-218B28228386}.Ad-Hoc|x64.ActiveCfg = Release|Any CPU
		{0867B817-8D48-4918-A253-218B28228386}.Ad-Hoc|x64.Build.0 = Release|Any CPU
		{0867B817-8D48-4918-A253-218B28228386}.Ad-Hoc|x64.Deploy.0 = Release|Any CPU
		{0867B817-8D48-4918-A253-218B28228386}.Ad-Hoc|x86.ActiveCfg = Release|Any CPU
		{0867B817-8D48-4918-A253-218B28228386}.Ad-Hoc|x86.Build.0 = Release|Any CPU
		{0867B817-8D48-4918-A253-218B28228386}.Ad-Hoc|x86.Deploy.0 = Release|Any CPU
		{0867B817-8D48-4918-A253-218B28228386}.AppStore|Any CPU.ActiveCfg = Release|Any CPU
		{0867B817-8D48-4918-A253-218B28228386}.AppStore|Any CPU.Build.0 = Release|Any CPU
		{0867B817-8D48-4918-A253-218B28228386}.AppStore|Any CPU.Deploy.0 = Release|Any CPU
		{0867B817-8D48-4918-A253-218B28228386}.AppStore|ARM.ActiveCfg = Release|Any CPU
		{0867B817-8D48-4918-A253-218B28228386}.AppStore|ARM.Build.0 = Release|Any CPU
		{0867B817-8D48-4918-A253-218B28228386}.AppStore|ARM.Deploy.0 = Release|Any CPU
		{0867B817-8D48-4918-A253-218B28228386}.AppStore|iPhone.ActiveCfg = Release|Any CPU
		{0867B817-8D48-4918-A253-218B28228386}.AppStore|iPhone.Build.0 = Release|Any CPU
		{0867B817-8D48-4918-A253-218B28228386}.AppStore|iPhone.Deploy.0 = Release|Any CPU
		{0867B817-8D48-4918-A253-218B28228386}.AppStore|iPhoneSimulator.ActiveCfg = Release|Any CPU
		{0867B817-8D48-4918-A253-218B28228386}.AppStore|iPhoneSimulator.Build.0 = Release|Any CPU
		{0867B817-8D48-4918-A253-218B28228386}.AppStore|iPhoneSimulator.Deploy.0 = Release|Any CPU
		{0867B817-8D48-4918-A253-218B28228386}.AppStore|x64.ActiveCfg = Release|Any CPU
		{0867B817-8D48-4918-A253-218B28228386}.AppStore|x64.Build.0 = Release|Any CPU
		{0867B817-8D48-4918-A253-218B28228386}.AppStore|x64.Deploy.0 = Release|Any CPU
		{0867B817-8D48-4918-A253-218B28228386}.AppStore|x86.ActiveCfg = Release|Any CPU
		{0867B817-8D48-4918-A253-218B28228386}.AppStore|x86.Build.0 = Release|Any CPU
		{0867B817-8D48-4918-A253-218B28228386}.AppStore|x86.Deploy.0 = Release|Any CPU
		{0867B817-8D48-4918-A253-218B28228386}.Debug|Any CPU.ActiveCfg = Debug|Any CPU
		{0867B817-8D48-4918-A253-218B28228386}.Debug|Any CPU.Build.0 = Debug|Any CPU
		{0867B817-8D48-4918-A253-218B28228386}.Debug|Any CPU.Deploy.0 = Debug|Any CPU
		{0867B817-8D48-4918-A253-218B28228386}.Debug|ARM.ActiveCfg = Debug|Any CPU
		{0867B817-8D48-4918-A253-218B28228386}.Debug|ARM.Build.0 = Debug|Any CPU
		{0867B817-8D48-4918-A253-218B28228386}.Debug|ARM.Deploy.0 = Debug|Any CPU
		{0867B817-8D48-4918-A253-218B28228386}.Debug|iPhone.ActiveCfg = Debug|Any CPU
		{0867B817-8D48-4918-A253-218B28228386}.Debug|iPhone.Build.0 = Debug|Any CPU
		{0867B817-8D48-4918-A253-218B28228386}.Debug|iPhone.Deploy.0 = Debug|Any CPU
		{0867B817-8D48-4918-A253-218B28228386}.Debug|iPhoneSimulator.ActiveCfg = Debug|Any CPU
		{0867B817-8D48-4918-A253-218B28228386}.Debug|iPhoneSimulator.Build.0 = Debug|Any CPU
		{0867B817-8D48-4918-A253-218B28228386}.Debug|iPhoneSimulator.Deploy.0 = Debug|Any CPU
		{0867B817-8D48-4918-A253-218B28228386}.Debug|x64.ActiveCfg = Debug|Any CPU
		{0867B817-8D48-4918-A253-218B28228386}.Debug|x64.Build.0 = Debug|Any CPU
		{0867B817-8D48-4918-A253-218B28228386}.Debug|x64.Deploy.0 = Debug|Any CPU
		{0867B817-8D48-4918-A253-218B28228386}.Debug|x86.ActiveCfg = Debug|Any CPU
		{0867B817-8D48-4918-A253-218B28228386}.Debug|x86.Build.0 = Debug|Any CPU
		{0867B817-8D48-4918-A253-218B28228386}.Debug|x86.Deploy.0 = Debug|Any CPU
		{0867B817-8D48-4918-A253-218B28228386}.Release|Any CPU.ActiveCfg = Release|Any CPU
		{0867B817-8D48-4918-A253-218B28228386}.Release|Any CPU.Build.0 = Release|Any CPU
		{0867B817-8D48-4918-A253-218B28228386}.Release|Any CPU.Deploy.0 = Release|Any CPU
		{0867B817-8D48-4918-A253-218B28228386}.Release|ARM.ActiveCfg = Release|Any CPU
		{0867B817-8D48-4918-A253-218B28228386}.Release|ARM.Build.0 = Release|Any CPU
		{0867B817-8D48-4918-A253-218B28228386}.Release|ARM.Deploy.0 = Release|Any CPU
		{0867B817-8D48-4918-A253-218B28228386}.Release|iPhone.ActiveCfg = Release|Any CPU
		{0867B817-8D48-4918-A253-218B28228386}.Release|iPhone.Build.0 = Release|Any CPU
		{0867B817-8D48-4918-A253-218B28228386}.Release|iPhone.Deploy.0 = Release|Any CPU
		{0867B817-8D48-4918-A253-218B28228386}.Release|iPhoneSimulator.ActiveCfg = Release|Any CPU
		{0867B817-8D48-4918-A253-218B28228386}.Release|iPhoneSimulator.Build.0 = Release|Any CPU
		{0867B817-8D48-4918-A253-218B28228386}.Release|iPhoneSimulator.Deploy.0 = Release|Any CPU
		{0867B817-8D48-4918-A253-218B28228386}.Release|x64.ActiveCfg = Release|Any CPU
		{0867B817-8D48-4918-A253-218B28228386}.Release|x64.Build.0 = Release|Any CPU
		{0867B817-8D48-4918-A253-218B28228386}.Release|x64.Deploy.0 = Release|Any CPU
		{0867B817-8D48-4918-A253-218B28228386}.Release|x86.ActiveCfg = Release|Any CPU
		{0867B817-8D48-4918-A253-218B28228386}.Release|x86.Build.0 = Release|Any CPU
		{0867B817-8D48-4918-A253-218B28228386}.Release|x86.Deploy.0 = Release|Any CPU
		{6B31AB56-7F30-44E1-8A8C-2DB643959396}.Ad-Hoc|Any CPU.ActiveCfg = Ad-Hoc|iPhone
		{6B31AB56-7F30-44E1-8A8C-2DB643959396}.Ad-Hoc|ARM.ActiveCfg = Ad-Hoc|iPhone
		{6B31AB56-7F30-44E1-8A8C-2DB643959396}.Ad-Hoc|iPhone.ActiveCfg = Ad-Hoc|iPhone
		{6B31AB56-7F30-44E1-8A8C-2DB643959396}.Ad-Hoc|iPhone.Build.0 = Ad-Hoc|iPhone
		{6B31AB56-7F30-44E1-8A8C-2DB643959396}.Ad-Hoc|iPhoneSimulator.ActiveCfg = Ad-Hoc|iPhoneSimulator
		{6B31AB56-7F30-44E1-8A8C-2DB643959396}.Ad-Hoc|iPhoneSimulator.Build.0 = Ad-Hoc|iPhoneSimulator
		{6B31AB56-7F30-44E1-8A8C-2DB643959396}.Ad-Hoc|x64.ActiveCfg = Ad-Hoc|iPhone
		{6B31AB56-7F30-44E1-8A8C-2DB643959396}.Ad-Hoc|x86.ActiveCfg = Ad-Hoc|iPhone
		{6B31AB56-7F30-44E1-8A8C-2DB643959396}.AppStore|Any CPU.ActiveCfg = AppStore|iPhone
		{6B31AB56-7F30-44E1-8A8C-2DB643959396}.AppStore|ARM.ActiveCfg = AppStore|iPhone
		{6B31AB56-7F30-44E1-8A8C-2DB643959396}.AppStore|iPhone.ActiveCfg = AppStore|iPhone
		{6B31AB56-7F30-44E1-8A8C-2DB643959396}.AppStore|iPhone.Build.0 = AppStore|iPhone
		{6B31AB56-7F30-44E1-8A8C-2DB643959396}.AppStore|iPhoneSimulator.ActiveCfg = AppStore|iPhoneSimulator
		{6B31AB56-7F30-44E1-8A8C-2DB643959396}.AppStore|iPhoneSimulator.Build.0 = AppStore|iPhoneSimulator
		{6B31AB56-7F30-44E1-8A8C-2DB643959396}.AppStore|x64.ActiveCfg = AppStore|iPhone
		{6B31AB56-7F30-44E1-8A8C-2DB643959396}.AppStore|x86.ActiveCfg = AppStore|iPhone
		{6B31AB56-7F30-44E1-8A8C-2DB643959396}.Debug|Any CPU.ActiveCfg = Debug|iPhone
		{6B31AB56-7F30-44E1-8A8C-2DB643959396}.Debug|ARM.ActiveCfg = Debug|iPhone
		{6B31AB56-7F30-44E1-8A8C-2DB643959396}.Debug|iPhone.ActiveCfg = Debug|iPhone
		{6B31AB56-7F30-44E1-8A8C-2DB643959396}.Debug|iPhone.Build.0 = Debug|iPhone
		{6B31AB56-7F30-44E1-8A8C-2DB643959396}.Debug|iPhoneSimulator.ActiveCfg = Debug|iPhoneSimulator
		{6B31AB56-7F30-44E1-8A8C-2DB643959396}.Debug|iPhoneSimulator.Build.0 = Debug|iPhoneSimulator
		{6B31AB56-7F30-44E1-8A8C-2DB643959396}.Debug|x64.ActiveCfg = Debug|iPhone
		{6B31AB56-7F30-44E1-8A8C-2DB643959396}.Debug|x86.ActiveCfg = Debug|iPhone
		{6B31AB56-7F30-44E1-8A8C-2DB643959396}.Release|Any CPU.ActiveCfg = Release|iPhone
		{6B31AB56-7F30-44E1-8A8C-2DB643959396}.Release|ARM.ActiveCfg = Release|iPhone
		{6B31AB56-7F30-44E1-8A8C-2DB643959396}.Release|iPhone.ActiveCfg = Release|iPhone
		{6B31AB56-7F30-44E1-8A8C-2DB643959396}.Release|iPhone.Build.0 = Release|iPhone
		{6B31AB56-7F30-44E1-8A8C-2DB643959396}.Release|iPhoneSimulator.ActiveCfg = Release|iPhoneSimulator
		{6B31AB56-7F30-44E1-8A8C-2DB643959396}.Release|iPhoneSimulator.Build.0 = Release|iPhoneSimulator
		{6B31AB56-7F30-44E1-8A8C-2DB643959396}.Release|x64.ActiveCfg = Release|iPhone
		{6B31AB56-7F30-44E1-8A8C-2DB643959396}.Release|x86.ActiveCfg = Release|iPhone
		{A0BC817A-AD2E-403E-A624-F72E3FB0FFD4}.Ad-Hoc|Any CPU.ActiveCfg = Release|x86
		{A0BC817A-AD2E-403E-A624-F72E3FB0FFD4}.Ad-Hoc|Any CPU.Build.0 = Release|x86
		{A0BC817A-AD2E-403E-A624-F72E3FB0FFD4}.Ad-Hoc|Any CPU.Deploy.0 = Release|x86
		{A0BC817A-AD2E-403E-A624-F72E3FB0FFD4}.Ad-Hoc|ARM.ActiveCfg = Release|ARM
		{A0BC817A-AD2E-403E-A624-F72E3FB0FFD4}.Ad-Hoc|ARM.Build.0 = Release|ARM
		{A0BC817A-AD2E-403E-A624-F72E3FB0FFD4}.Ad-Hoc|ARM.Deploy.0 = Release|ARM
		{A0BC817A-AD2E-403E-A624-F72E3FB0FFD4}.Ad-Hoc|iPhone.ActiveCfg = Release|x86
		{A0BC817A-AD2E-403E-A624-F72E3FB0FFD4}.Ad-Hoc|iPhone.Build.0 = Release|x86
		{A0BC817A-AD2E-403E-A624-F72E3FB0FFD4}.Ad-Hoc|iPhone.Deploy.0 = Release|x86
		{A0BC817A-AD2E-403E-A624-F72E3FB0FFD4}.Ad-Hoc|iPhoneSimulator.ActiveCfg = Release|x86
		{A0BC817A-AD2E-403E-A624-F72E3FB0FFD4}.Ad-Hoc|iPhoneSimulator.Build.0 = Release|x86
		{A0BC817A-AD2E-403E-A624-F72E3FB0FFD4}.Ad-Hoc|iPhoneSimulator.Deploy.0 = Release|x86
		{A0BC817A-AD2E-403E-A624-F72E3FB0FFD4}.Ad-Hoc|x64.ActiveCfg = Release|x64
		{A0BC817A-AD2E-403E-A624-F72E3FB0FFD4}.Ad-Hoc|x64.Build.0 = Release|x64
		{A0BC817A-AD2E-403E-A624-F72E3FB0FFD4}.Ad-Hoc|x64.Deploy.0 = Release|x64
		{A0BC817A-AD2E-403E-A624-F72E3FB0FFD4}.Ad-Hoc|x86.ActiveCfg = Release|x86
		{A0BC817A-AD2E-403E-A624-F72E3FB0FFD4}.Ad-Hoc|x86.Build.0 = Release|x86
		{A0BC817A-AD2E-403E-A624-F72E3FB0FFD4}.Ad-Hoc|x86.Deploy.0 = Release|x86
		{A0BC817A-AD2E-403E-A624-F72E3FB0FFD4}.AppStore|Any CPU.ActiveCfg = Release|x86
		{A0BC817A-AD2E-403E-A624-F72E3FB0FFD4}.AppStore|Any CPU.Build.0 = Release|x86
		{A0BC817A-AD2E-403E-A624-F72E3FB0FFD4}.AppStore|Any CPU.Deploy.0 = Release|x86
		{A0BC817A-AD2E-403E-A624-F72E3FB0FFD4}.AppStore|ARM.ActiveCfg = Release|ARM
		{A0BC817A-AD2E-403E-A624-F72E3FB0FFD4}.AppStore|ARM.Build.0 = Release|ARM
		{A0BC817A-AD2E-403E-A624-F72E3FB0FFD4}.AppStore|ARM.Deploy.0 = Release|ARM
		{A0BC817A-AD2E-403E-A624-F72E3FB0FFD4}.AppStore|iPhone.ActiveCfg = Release|x86
		{A0BC817A-AD2E-403E-A624-F72E3FB0FFD4}.AppStore|iPhone.Build.0 = Release|x86
		{A0BC817A-AD2E-403E-A624-F72E3FB0FFD4}.AppStore|iPhone.Deploy.0 = Release|x86
		{A0BC817A-AD2E-403E-A624-F72E3FB0FFD4}.AppStore|iPhoneSimulator.ActiveCfg = Release|x86
		{A0BC817A-AD2E-403E-A624-F72E3FB0FFD4}.AppStore|iPhoneSimulator.Build.0 = Release|x86
		{A0BC817A-AD2E-403E-A624-F72E3FB0FFD4}.AppStore|iPhoneSimulator.Deploy.0 = Release|x86
		{A0BC817A-AD2E-403E-A624-F72E3FB0FFD4}.AppStore|x64.ActiveCfg = Release|x64
		{A0BC817A-AD2E-403E-A624-F72E3FB0FFD4}.AppStore|x64.Build.0 = Release|x64
		{A0BC817A-AD2E-403E-A624-F72E3FB0FFD4}.AppStore|x64.Deploy.0 = Release|x64
		{A0BC817A-AD2E-403E-A624-F72E3FB0FFD4}.AppStore|x86.ActiveCfg = Release|x86
		{A0BC817A-AD2E-403E-A624-F72E3FB0FFD4}.AppStore|x86.Build.0 = Release|x86
		{A0BC817A-AD2E-403E-A624-F72E3FB0FFD4}.AppStore|x86.Deploy.0 = Release|x86
		{A0BC817A-AD2E-403E-A624-F72E3FB0FFD4}.Debug|Any CPU.ActiveCfg = Debug|x86
		{A0BC817A-AD2E-403E-A624-F72E3FB0FFD4}.Debug|ARM.ActiveCfg = Debug|ARM
		{A0BC817A-AD2E-403E-A624-F72E3FB0FFD4}.Debug|ARM.Build.0 = Debug|ARM
		{A0BC817A-AD2E-403E-A624-F72E3FB0FFD4}.Debug|ARM.Deploy.0 = Debug|ARM
		{A0BC817A-AD2E-403E-A624-F72E3FB0FFD4}.Debug|iPhone.ActiveCfg = Debug|x86
		{A0BC817A-AD2E-403E-A624-F72E3FB0FFD4}.Debug|iPhoneSimulator.ActiveCfg = Debug|x86
		{A0BC817A-AD2E-403E-A624-F72E3FB0FFD4}.Debug|x64.ActiveCfg = Debug|x64
		{A0BC817A-AD2E-403E-A624-F72E3FB0FFD4}.Debug|x64.Build.0 = Debug|x64
		{A0BC817A-AD2E-403E-A624-F72E3FB0FFD4}.Debug|x64.Deploy.0 = Debug|x64
		{A0BC817A-AD2E-403E-A624-F72E3FB0FFD4}.Debug|x86.ActiveCfg = Debug|x86
		{A0BC817A-AD2E-403E-A624-F72E3FB0FFD4}.Debug|x86.Build.0 = Debug|x86
		{A0BC817A-AD2E-403E-A624-F72E3FB0FFD4}.Debug|x86.Deploy.0 = Debug|x86
		{A0BC817A-AD2E-403E-A624-F72E3FB0FFD4}.Release|Any CPU.ActiveCfg = Release|x86
		{A0BC817A-AD2E-403E-A624-F72E3FB0FFD4}.Release|ARM.ActiveCfg = Release|ARM
		{A0BC817A-AD2E-403E-A624-F72E3FB0FFD4}.Release|ARM.Build.0 = Release|ARM
		{A0BC817A-AD2E-403E-A624-F72E3FB0FFD4}.Release|ARM.Deploy.0 = Release|ARM
		{A0BC817A-AD2E-403E-A624-F72E3FB0FFD4}.Release|iPhone.ActiveCfg = Release|x86
		{A0BC817A-AD2E-403E-A624-F72E3FB0FFD4}.Release|iPhoneSimulator.ActiveCfg = Release|x86
		{A0BC817A-AD2E-403E-A624-F72E3FB0FFD4}.Release|x64.ActiveCfg = Release|x64
		{A0BC817A-AD2E-403E-A624-F72E3FB0FFD4}.Release|x64.Build.0 = Release|x64
		{A0BC817A-AD2E-403E-A624-F72E3FB0FFD4}.Release|x64.Deploy.0 = Release|x64
		{A0BC817A-AD2E-403E-A624-F72E3FB0FFD4}.Release|x86.ActiveCfg = Release|x86
		{A0BC817A-AD2E-403E-A624-F72E3FB0FFD4}.Release|x86.Build.0 = Release|x86
		{A0BC817A-AD2E-403E-A624-F72E3FB0FFD4}.Release|x86.Deploy.0 = Release|x86
		{7932A7A1-10A5-4499-AB9F-91857AA9BA6F}.Ad-Hoc|Any CPU.ActiveCfg = Release|Any CPU
		{7932A7A1-10A5-4499-AB9F-91857AA9BA6F}.Ad-Hoc|Any CPU.Build.0 = Release|Any CPU
		{7932A7A1-10A5-4499-AB9F-91857AA9BA6F}.Ad-Hoc|ARM.ActiveCfg = Release|Any CPU
		{7932A7A1-10A5-4499-AB9F-91857AA9BA6F}.Ad-Hoc|ARM.Build.0 = Release|Any CPU
		{7932A7A1-10A5-4499-AB9F-91857AA9BA6F}.Ad-Hoc|iPhone.ActiveCfg = Release|Any CPU
		{7932A7A1-10A5-4499-AB9F-91857AA9BA6F}.Ad-Hoc|iPhone.Build.0 = Release|Any CPU
		{7932A7A1-10A5-4499-AB9F-91857AA9BA6F}.Ad-Hoc|iPhoneSimulator.ActiveCfg = Release|Any CPU
		{7932A7A1-10A5-4499-AB9F-91857AA9BA6F}.Ad-Hoc|iPhoneSimulator.Build.0 = Release|Any CPU
		{7932A7A1-10A5-4499-AB9F-91857AA9BA6F}.Ad-Hoc|x64.ActiveCfg = Release|Any CPU
		{7932A7A1-10A5-4499-AB9F-91857AA9BA6F}.Ad-Hoc|x64.Build.0 = Release|Any CPU
		{7932A7A1-10A5-4499-AB9F-91857AA9BA6F}.Ad-Hoc|x86.ActiveCfg = Release|Any CPU
		{7932A7A1-10A5-4499-AB9F-91857AA9BA6F}.Ad-Hoc|x86.Build.0 = Release|Any CPU
		{7932A7A1-10A5-4499-AB9F-91857AA9BA6F}.AppStore|Any CPU.ActiveCfg = Release|Any CPU
		{7932A7A1-10A5-4499-AB9F-91857AA9BA6F}.AppStore|Any CPU.Build.0 = Release|Any CPU
		{7932A7A1-10A5-4499-AB9F-91857AA9BA6F}.AppStore|ARM.ActiveCfg = Release|Any CPU
		{7932A7A1-10A5-4499-AB9F-91857AA9BA6F}.AppStore|ARM.Build.0 = Release|Any CPU
		{7932A7A1-10A5-4499-AB9F-91857AA9BA6F}.AppStore|iPhone.ActiveCfg = Release|Any CPU
		{7932A7A1-10A5-4499-AB9F-91857AA9BA6F}.AppStore|iPhone.Build.0 = Release|Any CPU
		{7932A7A1-10A5-4499-AB9F-91857AA9BA6F}.AppStore|iPhoneSimulator.ActiveCfg = Release|Any CPU
		{7932A7A1-10A5-4499-AB9F-91857AA9BA6F}.AppStore|iPhoneSimulator.Build.0 = Release|Any CPU
		{7932A7A1-10A5-4499-AB9F-91857AA9BA6F}.AppStore|x64.ActiveCfg = Release|Any CPU
		{7932A7A1-10A5-4499-AB9F-91857AA9BA6F}.AppStore|x64.Build.0 = Release|Any CPU
		{7932A7A1-10A5-4499-AB9F-91857AA9BA6F}.AppStore|x86.ActiveCfg = Release|Any CPU
		{7932A7A1-10A5-4499-AB9F-91857AA9BA6F}.AppStore|x86.Build.0 = Release|Any CPU
		{7932A7A1-10A5-4499-AB9F-91857AA9BA6F}.Debug|Any CPU.ActiveCfg = Debug|Any CPU
		{7932A7A1-10A5-4499-AB9F-91857AA9BA6F}.Debug|Any CPU.Build.0 = Debug|Any CPU
		{7932A7A1-10A5-4499-AB9F-91857AA9BA6F}.Debug|ARM.ActiveCfg = Debug|Any CPU
		{7932A7A1-10A5-4499-AB9F-91857AA9BA6F}.Debug|ARM.Build.0 = Debug|Any CPU
		{7932A7A1-10A5-4499-AB9F-91857AA9BA6F}.Debug|iPhone.ActiveCfg = Debug|Any CPU
		{7932A7A1-10A5-4499-AB9F-91857AA9BA6F}.Debug|iPhone.Build.0 = Debug|Any CPU
		{7932A7A1-10A5-4499-AB9F-91857AA9BA6F}.Debug|iPhoneSimulator.ActiveCfg = Debug|Any CPU
		{7932A7A1-10A5-4499-AB9F-91857AA9BA6F}.Debug|iPhoneSimulator.Build.0 = Debug|Any CPU
		{7932A7A1-10A5-4499-AB9F-91857AA9BA6F}.Debug|x64.ActiveCfg = Debug|Any CPU
		{7932A7A1-10A5-4499-AB9F-91857AA9BA6F}.Debug|x64.Build.0 = Debug|Any CPU
		{7932A7A1-10A5-4499-AB9F-91857AA9BA6F}.Debug|x86.ActiveCfg = Debug|Any CPU
		{7932A7A1-10A5-4499-AB9F-91857AA9BA6F}.Debug|x86.Build.0 = Debug|Any CPU
		{7932A7A1-10A5-4499-AB9F-91857AA9BA6F}.Release|Any CPU.ActiveCfg = Release|Any CPU
		{7932A7A1-10A5-4499-AB9F-91857AA9BA6F}.Release|Any CPU.Build.0 = Release|Any CPU
		{7932A7A1-10A5-4499-AB9F-91857AA9BA6F}.Release|ARM.ActiveCfg = Release|Any CPU
		{7932A7A1-10A5-4499-AB9F-91857AA9BA6F}.Release|ARM.Build.0 = Release|Any CPU
		{7932A7A1-10A5-4499-AB9F-91857AA9BA6F}.Release|iPhone.ActiveCfg = Release|Any CPU
		{7932A7A1-10A5-4499-AB9F-91857AA9BA6F}.Release|iPhone.Build.0 = Release|Any CPU
		{7932A7A1-10A5-4499-AB9F-91857AA9BA6F}.Release|iPhoneSimulator.ActiveCfg = Release|Any CPU
		{7932A7A1-10A5-4499-AB9F-91857AA9BA6F}.Release|iPhoneSimulator.Build.0 = Release|Any CPU
		{7932A7A1-10A5-4499-AB9F-91857AA9BA6F}.Release|x64.ActiveCfg = Release|Any CPU
		{7932A7A1-10A5-4499-AB9F-91857AA9BA6F}.Release|x64.Build.0 = Release|Any CPU
		{7932A7A1-10A5-4499-AB9F-91857AA9BA6F}.Release|x86.ActiveCfg = Release|Any CPU
		{7932A7A1-10A5-4499-AB9F-91857AA9BA6F}.Release|x86.Build.0 = Release|Any CPU
		{B516E887-D199-442F-AF5E-3556C18A2A1E}.Ad-Hoc|Any CPU.ActiveCfg = Release|Any CPU
		{B516E887-D199-442F-AF5E-3556C18A2A1E}.Ad-Hoc|Any CPU.Build.0 = Release|Any CPU
		{B516E887-D199-442F-AF5E-3556C18A2A1E}.Ad-Hoc|ARM.ActiveCfg = Release|Any CPU
		{B516E887-D199-442F-AF5E-3556C18A2A1E}.Ad-Hoc|ARM.Build.0 = Release|Any CPU
		{B516E887-D199-442F-AF5E-3556C18A2A1E}.Ad-Hoc|iPhone.ActiveCfg = Release|Any CPU
		{B516E887-D199-442F-AF5E-3556C18A2A1E}.Ad-Hoc|iPhone.Build.0 = Release|Any CPU
		{B516E887-D199-442F-AF5E-3556C18A2A1E}.Ad-Hoc|iPhoneSimulator.ActiveCfg = Release|Any CPU
		{B516E887-D199-442F-AF5E-3556C18A2A1E}.Ad-Hoc|iPhoneSimulator.Build.0 = Release|Any CPU
		{B516E887-D199-442F-AF5E-3556C18A2A1E}.Ad-Hoc|x64.ActiveCfg = Release|Any CPU
		{B516E887-D199-442F-AF5E-3556C18A2A1E}.Ad-Hoc|x64.Build.0 = Release|Any CPU
		{B516E887-D199-442F-AF5E-3556C18A2A1E}.Ad-Hoc|x86.ActiveCfg = Release|Any CPU
		{B516E887-D199-442F-AF5E-3556C18A2A1E}.Ad-Hoc|x86.Build.0 = Release|Any CPU
		{B516E887-D199-442F-AF5E-3556C18A2A1E}.AppStore|Any CPU.ActiveCfg = Release|Any CPU
		{B516E887-D199-442F-AF5E-3556C18A2A1E}.AppStore|Any CPU.Build.0 = Release|Any CPU
		{B516E887-D199-442F-AF5E-3556C18A2A1E}.AppStore|ARM.ActiveCfg = Release|Any CPU
		{B516E887-D199-442F-AF5E-3556C18A2A1E}.AppStore|ARM.Build.0 = Release|Any CPU
		{B516E887-D199-442F-AF5E-3556C18A2A1E}.AppStore|iPhone.ActiveCfg = Release|Any CPU
		{B516E887-D199-442F-AF5E-3556C18A2A1E}.AppStore|iPhone.Build.0 = Release|Any CPU
		{B516E887-D199-442F-AF5E-3556C18A2A1E}.AppStore|iPhoneSimulator.ActiveCfg = Release|Any CPU
		{B516E887-D199-442F-AF5E-3556C18A2A1E}.AppStore|iPhoneSimulator.Build.0 = Release|Any CPU
		{B516E887-D199-442F-AF5E-3556C18A2A1E}.AppStore|x64.ActiveCfg = Release|Any CPU
		{B516E887-D199-442F-AF5E-3556C18A2A1E}.AppStore|x64.Build.0 = Release|Any CPU
		{B516E887-D199-442F-AF5E-3556C18A2A1E}.AppStore|x86.ActiveCfg = Release|Any CPU
		{B516E887-D199-442F-AF5E-3556C18A2A1E}.AppStore|x86.Build.0 = Release|Any CPU
		{B516E887-D199-442F-AF5E-3556C18A2A1E}.Debug|Any CPU.ActiveCfg = Debug|Any CPU
		{B516E887-D199-442F-AF5E-3556C18A2A1E}.Debug|Any CPU.Build.0 = Debug|Any CPU
		{B516E887-D199-442F-AF5E-3556C18A2A1E}.Debug|ARM.ActiveCfg = Debug|Any CPU
		{B516E887-D199-442F-AF5E-3556C18A2A1E}.Debug|ARM.Build.0 = Debug|Any CPU
		{B516E887-D199-442F-AF5E-3556C18A2A1E}.Debug|iPhone.ActiveCfg = Debug|Any CPU
		{B516E887-D199-442F-AF5E-3556C18A2A1E}.Debug|iPhone.Build.0 = Debug|Any CPU
		{B516E887-D199-442F-AF5E-3556C18A2A1E}.Debug|iPhoneSimulator.ActiveCfg = Debug|Any CPU
		{B516E887-D199-442F-AF5E-3556C18A2A1E}.Debug|iPhoneSimulator.Build.0 = Debug|Any CPU
		{B516E887-D199-442F-AF5E-3556C18A2A1E}.Debug|x64.ActiveCfg = Debug|Any CPU
		{B516E887-D199-442F-AF5E-3556C18A2A1E}.Debug|x64.Build.0 = Debug|Any CPU
		{B516E887-D199-442F-AF5E-3556C18A2A1E}.Debug|x86.ActiveCfg = Debug|Any CPU
		{B516E887-D199-442F-AF5E-3556C18A2A1E}.Debug|x86.Build.0 = Debug|Any CPU
		{B516E887-D199-442F-AF5E-3556C18A2A1E}.Release|Any CPU.ActiveCfg = Release|Any CPU
		{B516E887-D199-442F-AF5E-3556C18A2A1E}.Release|Any CPU.Build.0 = Release|Any CPU
		{B516E887-D199-442F-AF5E-3556C18A2A1E}.Release|ARM.ActiveCfg = Release|Any CPU
		{B516E887-D199-442F-AF5E-3556C18A2A1E}.Release|ARM.Build.0 = Release|Any CPU
		{B516E887-D199-442F-AF5E-3556C18A2A1E}.Release|iPhone.ActiveCfg = Release|Any CPU
		{B516E887-D199-442F-AF5E-3556C18A2A1E}.Release|iPhone.Build.0 = Release|Any CPU
		{B516E887-D199-442F-AF5E-3556C18A2A1E}.Release|iPhoneSimulator.ActiveCfg = Release|Any CPU
		{B516E887-D199-442F-AF5E-3556C18A2A1E}.Release|iPhoneSimulator.Build.0 = Release|Any CPU
		{B516E887-D199-442F-AF5E-3556C18A2A1E}.Release|x64.ActiveCfg = Release|Any CPU
		{B516E887-D199-442F-AF5E-3556C18A2A1E}.Release|x64.Build.0 = Release|Any CPU
		{B516E887-D199-442F-AF5E-3556C18A2A1E}.Release|x86.ActiveCfg = Release|Any CPU
		{B516E887-D199-442F-AF5E-3556C18A2A1E}.Release|x86.Build.0 = Release|Any CPU
	EndGlobalSection
	GlobalSection(SolutionProperties) = preSolution
		HideSolutionNode = FALSE
	EndGlobalSection
EndGlobal
